<?xml version="1.0" encoding="utf-8"?>
<Project ToolsVersion="4.0" xmlns="http://schemas.microsoft.com/developer/msbuild/2003">
  <ItemGroup>
    <Filter Include="Source Files">
      <UniqueIdentifier>{4FC737F1-C7A5-4376-A066-2A32D752A2FF}</UniqueIdentifier>
      <Extensions>cpp;c;cc;cxx;def;odl;idl;hpj;bat;asm;asmx</Extensions>
    </Filter>
    <Filter Include="Header Files">
      <UniqueIdentifier>{93995380-89BD-4b04-88EB-625FBE52EBFB}</UniqueIdentifier>
      <Extensions>h;hpp;hxx;hm;inl;inc;xsd</Extensions>
    </Filter>
    <Filter Include="Resource Files">
      <UniqueIdentifier>{67DA6AB6-F800-4c08-8B7A-83BB121AAD01}</UniqueIdentifier>
      <Extensions>rc;ico;cur;bmp;dlg;rc2;rct;bin;rgs;gif;jpg;jpeg;jpe;resx;tiff;tif;png;wav;mfcribbon-ms</Extensions>
    </Filter>
  </ItemGroup>
  <ItemGroup>
    <ClInclude Include="always.h">
      <Filter>Header Files</Filter>
    </ClInclude>
    <ClInclude Include="mixed.h">
      <Filter>Header Files</Filter>
    </ClInclude>
    <ClInclude Include="traveler.h">
      <Filter>Header Files</Filter>
    </ClInclude>
    <ClInclude Include="buckets.h">
      <Filter>Header Files</Filter>
    </ClInclude>
    <ClInclude Include="TFT_predict.h">
      <Filter>Header Files</Filter>
    </ClInclude>
    <ClInclude Include="TFT_simple.h">
      <Filter>Header Files</Filter>
    </ClInclude>
    <ClInclude Include="Zeuthen.h">
      <Filter>Header Files</Filter>
    </ClInclude>
    <ClInclude Include="simple_trend.h">
      <Filter>Header Files</Filter>
    </ClInclude>
    <ClInclude Include="random.h">
      <Filter>Header Files</Filter>
    </ClInclude>
    <ClInclude Include="tournament.h">
      <Filter>Header Files</Filter>
    </ClInclude>
    <ClInclude Include="qlearning.h">
      <Filter>Header Files</Filter>
    </ClInclude>
    <ClInclude Include="..\..\..\Iterated Traveler%27s Dilemma\TD_Tourney\TD_Tourney\simple_trend_new.h">
      <Filter>Header Files</Filter>
    </ClInclude>
    <ClInclude Include="..\..\..\Iterated Traveler%27s Dilemma\TD_Tourney\TD_Tourney\simple_trend_tweak.h">
      <Filter>Header Files</Filter>
    </ClInclude>
  </ItemGroup>
  <ItemGroup>
    <ClCompile Include="always.cpp">
      <Filter>Source Files</Filter>
    </ClCompile>
    <ClCompile Include="main.cpp">
      <Filter>Source Files</Filter>
    </ClCompile>
    <ClCompile Include="mixed.cpp">
      <Filter>Source Files</Filter>
    </ClCompile>
    <ClCompile Include="traveler.cpp">
      <Filter>Source Files</Filter>
    </ClCompile>
    <ClCompile Include="buckets.cpp">
      <Filter>Source Files</Filter>
    </ClCompile>
    <ClCompile Include="TFT_predict.cpp">
      <Filter>Source Files</Filter>
    </ClCompile>
    <ClCompile Include="TFT_simple.cpp">
      <Filter>Source Files</Filter>
    </ClCompile>
    <ClCompile Include="Zeuthen.cpp">
      <Filter>Source Files</Filter>
    </ClCompile>
    <ClCompile Include="simple_trend.cpp">
      <Filter>Source Files</Filter>
    </ClCompile>
    <ClCompile Include="random.cpp">
      <Filter>Source Files</Filter>
    </ClCompile>
    <ClCompile Include="tournament.cpp">
      <Filter>Source Files</Filter>
    </ClCompile>
    <ClCompile Include="qlearning.cpp">
      <Filter>Source Files</Filter>
    </ClCompile>
    <ClCompile Include="..\..\..\Iterated Traveler%27s Dilemma\TD_Tourney\TD_Tourney\simple_trend_new.cpp">
      <Filter>Source Files</Filter>
    </ClCompile>
    <ClCompile Include="..\..\..\Iterated Traveler%27s Dilemma\TD_Tourney\TD_Tourney\simple_trend_tweak.cpp">
      <Filter>Source Files</Filter>
    </ClCompile>
  </ItemGroup>
</Project>